
Microsoft Visual Studio Solution File, Format Version 12.00
# Visual Studio Version 16
VisualStudioVersion = 16.0.30204.135
MinimumVisualStudioVersion = 10.0.40219.1
Project("{888888A0-9F3D-457C-B088-3A5042F75D52}") = "KohoCarpet", "KohoCarpet\KohoCarpet.pyproj", "{495A5786-10DF-463E-859D-4491DBCA083B}"
EndProject
Global
	GlobalSection(SolutionConfigurationPlatforms) = preSolution
		Debug|Any CPU = Debug|Any CPU
		Release|Any CPU = Release|Any CPU
	EndGlobalSection
	GlobalSection(ProjectConfigurationPlatforms) = postSolution
		{495A5786-10DF-463E-859D-4491DBCA083B}.Debug|Any CPU.ActiveCfg = Debug|Any CPU
		{495A5786-10DF-463E-859D-4491DBCA083B}.Release|Any CPU.ActiveCfg = Release|Any CPU
	EndGlobalSection
	GlobalSection(SolutionProperties) = preSolution
		HideSolutionNode = FALSE
	EndGlobalSection
	GlobalSection(ExtensibilityGlobals) = postSolution
		SolutionGuid = {C94148D8-4CD0-478C-9CDF-34FC6DEB5E05}
	EndGlobalSection
EndGlobal
